{
  "name": "nodebot",
  "version": "1.0.0",
  "lockfileVersion": 1,
  "requires": true,
  "dependencies": {
    "abort-controller": {
      "version": "3.0.0",
      "resolved": "https://br.psa:443/artifactory/api/npm/tps_js_virtual/abort-controller/-/abort-controller-3.0.0.tgz",
      "integrity": "sha1-6vVNU7YrrkE46AnKIlyEOabvs5I=",
      "requires": {
        "event-target-shim": "^5.0.0"
      }
    },
    "buffer-alloc": {
      "version": "1.2.0",
      "resolved": "https://br.psa:443/artifactory/api/npm/tps_js_virtual/buffer-alloc/-/buffer-alloc-1.2.0.tgz",
      "integrity": "sha1-iQ3ZDZI6hz4I4Q5f1RpX5bfM4Ow=",
      "requires": {
        "buffer-alloc-unsafe": "^1.1.0",
        "buffer-fill": "^1.0.0"
      }
    },
    "buffer-alloc-unsafe": {
      "version": "1.1.0",
      "resolved": "https://br.psa:443/artifactory/api/npm/tps_js_virtual/buffer-alloc-unsafe/-/buffer-alloc-unsafe-1.1.0.tgz",
      "integrity": "sha1-vX3CauKXLQ7aJTvgYdupkjScGfA="
    },
    "buffer-fill": {
      "version": "1.0.0",
      "resolved": "https://br.psa:443/artifactory/api/npm/tps_js_virtual/buffer-fill/-/buffer-fill-1.0.0.tgz",
      "integrity": "sha1-+PeLdniYiO858gXNY39o5wISKyw="
    },
    "debug": {
      "version": "4.3.3",
      "resolved": "https://br.psa:443/artifactory/api/npm/tps_js_virtual/debug/-/debug-4.3.3.tgz",
      "integrity": "sha1-BCZuC3CpjURi5uKI44JZITMytmQ=",
      "requires": {
        "ms": "2.1.2"
      }
    },
    "dotenv": {
      "version": "11.0.0",
      "resolved": "https://br.psa:443/artifactory/api/npm/tps_js_virtual/dotenv/-/dotenv-11.0.0.tgz",
      "integrity": "sha1-7jf+3fitptNIp54ZgxLUqKv9HB4="
    },
    "event-target-shim": {
      "version": "5.0.1",
      "resolved": "https://br.psa:443/artifactory/api/npm/tps_js_virtual/event-target-shim/-/event-target-shim-5.0.1.tgz",
      "integrity": "sha1-XU0+vflYPWOlMzzi3rdICrKwV4k="
    },
    "minimist": {
      "version": "1.2.5",
      "resolved": "https://br.psa:443/artifactory/api/npm/tps_js_virtual/minimist/-/minimist-1.2.5.tgz",
      "integrity": "sha1-Z9ZgFLZqaoqqDAg8X9WN9OTpdgI="
    },
    "module-alias": {
      "version": "2.2.2",
      "resolved": "https://br.psa:443/artifactory/api/npm/tps_js_virtual/module-alias/-/module-alias-2.2.2.tgz",
      "integrity": "sha1-FRzc7MJOJXOf8KpuUeHFcWl0wOA="
    },
    "ms": {
      "version": "2.1.2",
      "resolved": "https://br.psa:443/artifactory/api/npm/tps_js_virtual/ms/-/ms-2.1.2.tgz",
      "integrity": "sha1-0J0fNXtEP0kzgqjrPM0YOHKuYAk="
    },
    "node-fetch": {
      "version": "2.6.6",
      "resolved": "https://br.psa:443/artifactory/api/npm/tps_js_virtual/node-fetch/-/node-fetch-2.6.6.tgz",
      "integrity": "sha1-F1GnwBg06OFpd1hzLp77burfr4k=",
      "requires": {
        "whatwg-url": "^5.0.0"
      }
    },
    "p-timeout": {
      "version": "4.1.0",
      "resolved": "https://br.psa:443/artifactory/api/npm/tps_js_virtual/p-timeout/-/p-timeout-4.1.0.tgz",
      "integrity": "sha1-eIJTwEUqsP/s8Ypi3/lP8b0Jygo="
    },
    "safe-compare": {
      "version": "1.1.4",
      "resolved": "https://br.psa:443/artifactory/api/npm/tps_js_virtual/safe-compare/-/safe-compare-1.1.4.tgz",
      "integrity": "sha1-XgEoU4qCgg4uklDNeORdpnhrpZM=",
      "requires": {
        "buffer-alloc": "^1.2.0"
      }
    },
    "sandwich-stream": {
      "version": "2.0.2",
      "resolved": "https://br.psa:443/artifactory/api/npm/tps_js_virtual/sandwich-stream/-/sandwich-stream-2.0.2.tgz",
      "integrity": "sha1-bR/rbPfp/p+ttBUTRZpywuhAAPo="
    },
    "telegraf": {
      "version": "4.5.2",
      "resolved": "https://br.psa:443/artifactory/api/npm/tps_js_virtual/telegraf/-/telegraf-4.5.2.tgz",
      "integrity": "sha1-F4iu9rO188+1uDHbm/WKpVBkHMI=",
      "requires": {
        "abort-controller": "^3.0.0",
        "debug": "^4.3.3",
        "minimist": "^1.2.5",
        "module-alias": "^2.2.2",
        "node-fetch": "^2.6.6",
        "p-timeout": "^4.1.0",
        "safe-compare": "^1.1.4",
        "sandwich-stream": "^2.0.2",
        "typegram": "^3.6.1"
      }
    },
    "tr46": {
      "version": "0.0.3",
      "resolved": "https://br.psa:443/artifactory/api/npm/tps_js_virtual/tr46/-/tr46-0.0.3.tgz",
      "integrity": "sha1-gYT9NH2snNwYWZLzpmIuFLnZq2o="
    },
    "typegram": {
      "version": "3.7.0",
      "resolved": "https://br.psa:443/artifactory/api/npm/tps_js_virtual/typegram/-/typegram-3.7.0.tgz",
      "integrity": "sha1-mRT9h6TiCvnnMN55ddq6qjyaGOw="
    },
    "webidl-conversions": {
      "version": "3.0.1",
      "resolved": "https://br.psa:443/artifactory/api/npm/tps_js_virtual/webidl-conversions/-/webidl-conversions-3.0.1.tgz",
      "integrity": "sha1-JFNCdeKnvGvnvIZhHMFq4KVlSHE="
    },
    "whatwg-url": {
      "version": "5.0.0",
      "resolved": "https://br.psa:443/artifactory/api/npm/tps_js_virtual/whatwg-url/-/whatwg-url-5.0.0.tgz",
      "integrity": "sha1-lmRU6HZUYuN2RNNib2dCzotwll0=",
      "requires": {
        "tr46": "~0.0.3",
        "webidl-conversions": "^3.0.0"
      }
    }
  }
}
